
Microsoft Visual Studio Solution File, Format Version 12.00
# Visual Studio Version 16
VisualStudioVersion = 16.0.30907.101
MinimumVisualStudioVersion = 10.0.40219.1
Project("{9A19103F-16F7-4668-BE54-9A1E7A4F7556}") = "UseGC", "UseGC\UseGC.csproj", "{6C3CA08F-92BB-462E-945E-3AA5829B41B4}"
EndProject
Project("{9A19103F-16F7-4668-BE54-9A1E7A4F7556}") = "Lesson1", "Lesson1\Lesson1.csproj", "{1E11FD5C-6D25-441E-8F07-3CF1C9B8A4DA}"
	ProjectSection(ProjectDependencies) = postProject
		{6C3CA08F-92BB-462E-945E-3AA5829B41B4} = {6C3CA08F-92BB-462E-945E-3AA5829B41B4}
	EndProjectSection
EndProject
Project("{2150E333-8FDC-42A3-9474-1A3956D46DE8}") = "Libs", "Libs", "{B7D7DB4D-61A5-4DEA-B31C-7F984D568CF9}"
EndProject
Global
	GlobalSection(SolutionConfigurationPlatforms) = preSolution
		Debug|Any CPU = Debug|Any CPU
		Release|Any CPU = Release|Any CPU
	EndGlobalSection
	GlobalSection(ProjectConfigurationPlatforms) = postSolution
		{6C3CA08F-92BB-462E-945E-3AA5829B41B4}.Debug|Any CPU.ActiveCfg = Debug|Any CPU
		{6C3CA08F-92BB-462E-945E-3AA5829B41B4}.Debug|Any CPU.Build.0 = Debug|Any CPU
		{6C3CA08F-92BB-462E-945E-3AA5829B41B4}.Release|Any CPU.ActiveCfg = Release|Any CPU
		{6C3CA08F-92BB-462E-945E-3AA5829B41B4}.Release|Any CPU.Build.0 = Release|Any CPU
		{1E11FD5C-6D25-441E-8F07-3CF1C9B8A4DA}.Debug|Any CPU.ActiveCfg = Debug|Any CPU
		{1E11FD5C-6D25-441E-8F07-3CF1C9B8A4DA}.Debug|Any CPU.Build.0 = Debug|Any CPU
		{1E11FD5C-6D25-441E-8F07-3CF1C9B8A4DA}.Release|Any CPU.ActiveCfg = Release|Any CPU
		{1E11FD5C-6D25-441E-8F07-3CF1C9B8A4DA}.Release|Any CPU.Build.0 = Release|Any CPU
	EndGlobalSection
	GlobalSection(SolutionProperties) = preSolution
		HideSolutionNode = FALSE
	EndGlobalSection
	GlobalSection(NestedProjects) = preSolution
		{6C3CA08F-92BB-462E-945E-3AA5829B41B4} = {B7D7DB4D-61A5-4DEA-B31C-7F984D568CF9}
	EndGlobalSection
	GlobalSection(ExtensibilityGlobals) = postSolution
		SolutionGuid = {E1410C76-A9A7-4834-953E-18FD95D49221}
	EndGlobalSection
EndGlobal
